
Microsoft Visual Studio Solution File, Format Version 12.00
# Visual Studio Version 16
VisualStudioVersion = 16.0.30204.135
MinimumVisualStudioVersion = 10.0.40219.1
Project("{9A19103F-16F7-4668-BE54-9A1E7A4F7556}") = "Names", "Names\Names.csproj", "{91708EF6-7C70-457E-A83A-9179C2CA6C0E}"
EndProject
Project("{9A19103F-16F7-4668-BE54-9A1E7A4F7556}") = "File Manager", "File Manager\File Manager.csproj", "{D8BCB7AF-EA96-4FF8-BB1C-BE204E154146}"
EndProject
Project("{9A19103F-16F7-4668-BE54-9A1E7A4F7556}") = "Extensions", "Extensions\Extensions.csproj", "{ED0F829A-4EA0-4F10-BFA8-8299AC83C439}"
EndProject
Project("{FAE04EC0-301F-11D3-BF4B-00C04F79EFBC}") = "Calculation Manager", "Calculation Manager\Calculation Manager.csproj", "{93484E97-D4A6-4E03-9AE8-4D8A95F6E7C6}"
EndProject
Global
	GlobalSection(SolutionConfigurationPlatforms) = preSolution
		Debug|Any CPU = Debug|Any CPU
		Release|Any CPU = Release|Any CPU
	EndGlobalSection
	GlobalSection(ProjectConfigurationPlatforms) = postSolution
		{91708EF6-7C70-457E-A83A-9179C2CA6C0E}.Debug|Any CPU.ActiveCfg = Debug|Any CPU
		{91708EF6-7C70-457E-A83A-9179C2CA6C0E}.Debug|Any CPU.Build.0 = Debug|Any CPU
		{91708EF6-7C70-457E-A83A-9179C2CA6C0E}.Release|Any CPU.ActiveCfg = Release|Any CPU
		{91708EF6-7C70-457E-A83A-9179C2CA6C0E}.Release|Any CPU.Build.0 = Release|Any CPU
		{D8BCB7AF-EA96-4FF8-BB1C-BE204E154146}.Debug|Any CPU.ActiveCfg = Debug|Any CPU
		{D8BCB7AF-EA96-4FF8-BB1C-BE204E154146}.Debug|Any CPU.Build.0 = Debug|Any CPU
		{D8BCB7AF-EA96-4FF8-BB1C-BE204E154146}.Release|Any CPU.ActiveCfg = Release|Any CPU
		{D8BCB7AF-EA96-4FF8-BB1C-BE204E154146}.Release|Any CPU.Build.0 = Release|Any CPU
		{ED0F829A-4EA0-4F10-BFA8-8299AC83C439}.Debug|Any CPU.ActiveCfg = Debug|Any CPU
		{ED0F829A-4EA0-4F10-BFA8-8299AC83C439}.Debug|Any CPU.Build.0 = Debug|Any CPU
		{ED0F829A-4EA0-4F10-BFA8-8299AC83C439}.Release|Any CPU.ActiveCfg = Release|Any CPU
		{ED0F829A-4EA0-4F10-BFA8-8299AC83C439}.Release|Any CPU.Build.0 = Release|Any CPU
		{93484E97-D4A6-4E03-9AE8-4D8A95F6E7C6}.Debug|Any CPU.ActiveCfg = Debug|Any CPU
		{93484E97-D4A6-4E03-9AE8-4D8A95F6E7C6}.Debug|Any CPU.Build.0 = Debug|Any CPU
		{93484E97-D4A6-4E03-9AE8-4D8A95F6E7C6}.Release|Any CPU.ActiveCfg = Release|Any CPU
		{93484E97-D4A6-4E03-9AE8-4D8A95F6E7C6}.Release|Any CPU.Build.0 = Release|Any CPU
	EndGlobalSection
	GlobalSection(SolutionProperties) = preSolution
		HideSolutionNode = FALSE
	EndGlobalSection
	GlobalSection(ExtensibilityGlobals) = postSolution
		SolutionGuid = {34E7B578-CA72-44F5-B6BC-29DD9C7EB8B2}
	EndGlobalSection
EndGlobal
